{
  "name": "mikey-pro-theme",
  "version": "0.0.1",
  "lockfileVersion": 3,
  "requires": true,
  "packages": {
    "": {
      "name": "mikey-pro-theme",
      "version": "0.0.1",
      "license": "MIT",
      "devDependencies": {
        "mikey-pro": "file:../style-guide"
      },
      "funding": {
        "url": "https://github.com/sponsors/chiefmikey"
      }
    },
    "../style-guide": {
      "name": "mikey-pro",
      "version": "9.0.7",
      "dev": true,
      "license": "MIT",
      "dependencies": {
        "@mikey-pro/eslint-config": "file:./eslint-config",
        "@mikey-pro/prettier-config": "file:./prettier-config",
        "@mikey-pro/stylelint-config": "file:./stylelint-config",
        "eslint": "^9.35.0",
        "prettier": "^3.6.2",
        "stylelint": "^16.24.0"
      }
    },
    "node_modules/mikey-pro": {
      "resolved": "../style-guide",
      "link": true
    }
  }
}
